// !$*UTF8*$!
{
	archiveVersion = 1;
	classes = {
	};
	objectVersion = 56;
	objects = {

/* Begin PBXBuildFile section */
		35DC74AB2BA2C7BD00E644DF /* AppDelegate.swift in Sources */ = {isa = PBXBuildFile; fileRef = 35DC74AA2BA2C7BD00E644DF /* AppDelegate.swift */; };
		35DC74AD2BA2C7BD00E644DF /* SceneDelegate.swift in Sources */ = {isa = PBXBuildFile; fileRef = 35DC74AC2BA2C7BD00E644DF /* SceneDelegate.swift */; };
		35DC74AF2BA2C7BD00E644DF /* MainViewController.swift in Sources */ = {isa = PBXBuildFile; fileRef = 35DC74AE2BA2C7BD00E644DF /* MainViewController.swift */; };
		35DC74B22BA2C7BD00E644DF /* Main.storyboard in Resources */ = {isa = PBXBuildFile; fileRef = 35DC74B02BA2C7BD00E644DF /* Main.storyboard */; };
		35DC74B42BA2C7BE00E644DF /* Assets.xcassets in Resources */ = {isa = PBXBuildFile; fileRef = 35DC74B32BA2C7BE00E644DF /* Assets.xcassets */; };
		35DC74B72BA2C7BE00E644DF /* LaunchScreen.storyboard in Resources */ = {isa = PBXBuildFile; fileRef = 35DC74B52BA2C7BE00E644DF /* LaunchScreen.storyboard */; };
		35DC74BF2BA2C7F100E644DF /* APICaller.swift in Sources */ = {isa = PBXBuildFile; fileRef = 35DC74BE2BA2C7F100E644DF /* APICaller.swift */; };
		35DC74C12BA2C8D500E644DF /* CryptoTableViewCell.swift in Sources */ = {isa = PBXBuildFile; fileRef = 35DC74C02BA2C8D500E644DF /* CryptoTableViewCell.swift */; };
		35DC74C32BA2D59400E644DF /* CryptoListResponse.swift in Sources */ = {isa = PBXBuildFile; fileRef = 35DC74C22BA2D59400E644DF /* CryptoListResponse.swift */; };
		35DC74C62BA2D5C000E644DF /* Crypto.swift in Sources */ = {isa = PBXBuildFile; fileRef = 35DC74C52BA2D5C000E644DF /* Crypto.swift */; };
		35DC74C82BA2E34100E644DF /* Quote.swift in Sources */ = {isa = PBXBuildFile; fileRef = 35DC74C72BA2E34100E644DF /* Quote.swift */; };
		35DC74CB2BA2ECF900E644DF /* CryptoTableViewCellViewModel.swift in Sources */ = {isa = PBXBuildFile; fileRef = 35DC74CA2BA2ECF900E644DF /* CryptoTableViewCellViewModel.swift */; };
		35DC74CD2BA31B6000E644DF /* MainViewModel.swift in Sources */ = {isa = PBXBuildFile; fileRef = 35DC74CC2BA31B6000E644DF /* MainViewModel.swift */; };
		35DC74D12BA3205D00E644DF /* Config.plist in Resources */ = {isa = PBXBuildFile; fileRef = 35DC74D02BA3205D00E644DF /* Config.plist */; };
/* End PBXBuildFile section */

/* Begin PBXFileReference section */
		35DC74A72BA2C7BD00E644DF /* CryptoTrack.app */ = {isa = PBXFileReference; explicitFileType = wrapper.application; includeInIndex = 0; path = CryptoTrack.app; sourceTree = BUILT_PRODUCTS_DIR; };
		35DC74AA2BA2C7BD00E644DF /* AppDelegate.swift */ = {isa = PBXFileReference; lastKnownFileType = sourcecode.swift; path = AppDelegate.swift; sourceTree = "<group>"; };
		35DC74AC2BA2C7BD00E644DF /* SceneDelegate.swift */ = {isa = PBXFileReference; lastKnownFileType = sourcecode.swift; path = SceneDelegate.swift; sourceTree = "<group>"; };
		35DC74AE2BA2C7BD00E644DF /* MainViewController.swift */ = {isa = PBXFileReference; lastKnownFileType = sourcecode.swift; path = MainViewController.swift; sourceTree = "<group>"; };
		35DC74B12BA2C7BD00E644DF /* Base */ = {isa = PBXFileReference; lastKnownFileType = file.storyboard; name = Base; path = Base.lproj/Main.storyboard; sourceTree = "<group>"; };
		35DC74B32BA2C7BE00E644DF /* Assets.xcassets */ = {isa = PBXFileReference; lastKnownFileType = folder.assetcatalog; path = Assets.xcassets; sourceTree = "<group>"; };
		35DC74B62BA2C7BE00E644DF /* Base */ = {isa = PBXFileReference; lastKnownFileType = file.storyboard; name = Base; path = Base.lproj/LaunchScreen.storyboard; sourceTree = "<group>"; };
		35DC74B82BA2C7BE00E644DF /* Info.plist */ = {isa = PBXFileReference; lastKnownFileType = text.plist.xml; path = Info.plist; sourceTree = "<group>"; };
		35DC74BE2BA2C7F100E644DF /* APICaller.swift */ = {isa = PBXFileReference; lastKnownFileType = sourcecode.swift; path = APICaller.swift; sourceTree = "<group>"; };
		35DC74C02BA2C8D500E644DF /* CryptoTableViewCell.swift */ = {isa = PBXFileReference; lastKnownFileType = sourcecode.swift; path = CryptoTableViewCell.swift; sourceTree = "<group>"; };
		35DC74C22BA2D59400E644DF /* CryptoListResponse.swift */ = {isa = PBXFileReference; lastKnownFileType = sourcecode.swift; path = CryptoListResponse.swift; sourceTree = "<group>"; };
		35DC74C52BA2D5C000E644DF /* Crypto.swift */ = {isa = PBXFileReference; lastKnownFileType = sourcecode.swift; path = Crypto.swift; sourceTree = "<group>"; };
		35DC74C72BA2E34100E644DF /* Quote.swift */ = {isa = PBXFileReference; lastKnownFileType = sourcecode.swift; path = Quote.swift; sourceTree = "<group>"; };
		35DC74CA2BA2ECF900E644DF /* CryptoTableViewCellViewModel.swift */ = {isa = PBXFileReference; lastKnownFileType = sourcecode.swift; path = CryptoTableViewCellViewModel.swift; sourceTree = "<group>"; };
		35DC74CC2BA31B6000E644DF /* MainViewModel.swift */ = {isa = PBXFileReference; lastKnownFileType = sourcecode.swift; path = MainViewModel.swift; sourceTree = "<group>"; };
		35DC74D02BA3205D00E644DF /* Config.plist */ = {isa = PBXFileReference; lastKnownFileType = text.plist.xml; path = Config.plist; sourceTree = "<group>"; };
/* End PBXFileReference section */

/* Begin PBXFrameworksBuildPhase section */
		35DC74A42BA2C7BD00E644DF /* Frameworks */ = {
			isa = PBXFrameworksBuildPhase;
			buildActionMask = 2147483647;
			files = (
			);
			runOnlyForDeploymentPostprocessing = 0;
		};
/* End PBXFrameworksBuildPhase section */

/* Begin PBXGroup section */
		35DC749E2BA2C7BD00E644DF = {
			isa = PBXGroup;
			children = (
				35DC74A92BA2C7BD00E644DF /* CryptoTrack */,
				35DC74A82BA2C7BD00E644DF /* Products */,
			);
			sourceTree = "<group>";
		};
		35DC74A82BA2C7BD00E644DF /* Products */ = {
			isa = PBXGroup;
			children = (
				35DC74A72BA2C7BD00E644DF /* CryptoTrack.app */,
			);
			name = Products;
			sourceTree = "<group>";
		};
		35DC74A92BA2C7BD00E644DF /* CryptoTrack */ = {
			isa = PBXGroup;
			children = (
				35DC74CF2BA31E8E00E644DF /* Service */,
				35DC74CE2BA31E8100E644DF /* Views */,
				35DC74C92BA2ECEB00E644DF /* ViewModels */,
				35DC74C42BA2D5AF00E644DF /* Models */,
				35DC74AA2BA2C7BD00E644DF /* AppDelegate.swift */,
				35DC74AC2BA2C7BD00E644DF /* SceneDelegate.swift */,
				35DC74D02BA3205D00E644DF /* Config.plist */,
				35DC74B02BA2C7BD00E644DF /* Main.storyboard */,
				35DC74B32BA2C7BE00E644DF /* Assets.xcassets */,
				35DC74B52BA2C7BE00E644DF /* LaunchScreen.storyboard */,
				35DC74B82BA2C7BE00E644DF /* Info.plist */,
			);
			path = CryptoTrack;
			sourceTree = "<group>";
		};
		35DC74C42BA2D5AF00E644DF /* Models */ = {
			isa = PBXGroup;
			children = (
				35DC74CA2BA2ECF900E644DF /* CryptoTableViewCellViewModel.swift */,
				35DC74C22BA2D59400E644DF /* CryptoListResponse.swift */,
				35DC74C52BA2D5C000E644DF /* Crypto.swift */,
				35DC74C72BA2E34100E644DF /* Quote.swift */,
			);
			path = Models;
			sourceTree = "<group>";
		};
		35DC74C92BA2ECEB00E644DF /* ViewModels */ = {
			isa = PBXGroup;
			children = (
				35DC74CC2BA31B6000E644DF /* MainViewModel.swift */,
			);
			path = ViewModels;
			sourceTree = "<group>";
		};
		35DC74CE2BA31E8100E644DF /* Views */ = {
			isa = PBXGroup;
			children = (
				35DC74AE2BA2C7BD00E644DF /* MainViewController.swift */,
				35DC74C02BA2C8D500E644DF /* CryptoTableViewCell.swift */,
			);
			path = Views;
			sourceTree = "<group>";
		};
		35DC74CF2BA31E8E00E644DF /* Service */ = {
			isa = PBXGroup;
			children = (
				35DC74BE2BA2C7F100E644DF /* APICaller.swift */,
			);
			path = Service;
			sourceTree = "<group>";
		};
/* End PBXGroup section */

/* Begin PBXNativeTarget section */
		35DC74A62BA2C7BD00E644DF /* CryptoTrack */ = {
			isa = PBXNativeTarget;
			buildConfigurationList = 35DC74BB2BA2C7BE00E644DF /* Build configuration list for PBXNativeTarget "CryptoTrack" */;
			buildPhases = (
				35DC74A32BA2C7BD00E644DF /* Sources */,
				35DC74A42BA2C7BD00E644DF /* Frameworks */,
				35DC74A52BA2C7BD00E644DF /* Resources */,
			);
			buildRules = (
			);
			dependencies = (
			);
			name = CryptoTrack;
			productName = CryptoTrack;
			productReference = 35DC74A72BA2C7BD00E644DF /* CryptoTrack.app */;
			productType = "com.apple.product-type.application";
		};
/* End PBXNativeTarget section */

/* Begin PBXProject section */
		35DC749F2BA2C7BD00E644DF /* Project object */ = {
			isa = PBXProject;
			attributes = {
				BuildIndependentTargetsInParallel = 1;
				LastSwiftUpdateCheck = 1520;
				LastUpgradeCheck = 1520;
				TargetAttributes = {
					35DC74A62BA2C7BD00E644DF = {
						CreatedOnToolsVersion = 15.2;
					};
				};
			};
			buildConfigurationList = 35DC74A22BA2C7BD00E644DF /* Build configuration list for PBXProject "CryptoTrack" */;
			compatibilityVersion = "Xcode 14.0";
			developmentRegion = en;
			hasScannedForEncodings = 0;
			knownRegions = (
				en,
				Base,
			);
			mainGroup = 35DC749E2BA2C7BD00E644DF;
			productRefGroup = 35DC74A82BA2C7BD00E644DF /* Products */;
			projectDirPath = "";
			projectRoot = "";
			targets = (
				35DC74A62BA2C7BD00E644DF /* CryptoTrack */,
			);
		};
/* End PBXProject section */

/* Begin PBXResourcesBuildPhase section */
		35DC74A52BA2C7BD00E644DF /* Resources */ = {
			isa = PBXResourcesBuildPhase;
			buildActionMask = 2147483647;
			files = (
				35DC74D12BA3205D00E644DF /* Config.plist in Resources */,
				35DC74B72BA2C7BE00E644DF /* LaunchScreen.storyboard in Resources */,
				35DC74B42BA2C7BE00E644DF /* Assets.xcassets in Resources */,
				35DC74B22BA2C7BD00E644DF /* Main.storyboard in Resources */,
			);
			runOnlyForDeploymentPostprocessing = 0;
		};
/* End PBXResourcesBuildPhase section */

/* Begin PBXSourcesBuildPhase section */
		35DC74A32BA2C7BD00E644DF /* Sources */ = {
			isa = PBXSourcesBuildPhase;
			buildActionMask = 2147483647;
			files = (
				35DC74CB2BA2ECF900E644DF /* CryptoTableViewCellViewModel.swift in Sources */,
				35DC74AF2BA2C7BD00E644DF /* MainViewController.swift in Sources */,
				35DC74AB2BA2C7BD00E644DF /* AppDelegate.swift in Sources */,
				35DC74AD2BA2C7BD00E644DF /* SceneDelegate.swift in Sources */,
				35DC74C12BA2C8D500E644DF /* CryptoTableViewCell.swift in Sources */,
				35DC74CD2BA31B6000E644DF /* MainViewModel.swift in Sources */,
				35DC74C82BA2E34100E644DF /* Quote.swift in Sources */,
				35DC74BF2BA2C7F100E644DF /* APICaller.swift in Sources */,
				35DC74C62BA2D5C000E644DF /* Crypto.swift in Sources */,
				35DC74C32BA2D59400E644DF /* CryptoListResponse.swift in Sources */,
			);
			runOnlyForDeploymentPostprocessing = 0;
		};
/* End PBXSourcesBuildPhase section */

/* Begin PBXVariantGroup section */
		35DC74B02BA2C7BD00E644DF /* Main.storyboard */ = {
			isa = PBXVariantGroup;
			children = (
				35DC74B12BA2C7BD00E644DF /* Base */,
			);
			name = Main.storyboard;
			sourceTree = "<group>";
		};
		35DC74B52BA2C7BE00E644DF /* LaunchScreen.storyboard */ = {
			isa = PBXVariantGroup;
			children = (
				35DC74B62BA2C7BE00E644DF /* Base */,
			);
			name = LaunchScreen.storyboard;
			sourceTree = "<group>";
		};
/* End PBXVariantGroup section */

/* Begin XCBuildConfiguration section */
		35DC74B92BA2C7BE00E644DF /* Debug */ = {
			isa = XCBuildConfiguration;
			buildSettings = {
				ALWAYS_SEARCH_USER_PATHS = NO;
				ASSETCATALOG_COMPILER_GENERATE_SWIFT_ASSET_SYMBOL_EXTENSIONS = YES;
				CLANG_ANALYZER_NONNULL = YES;
				CLANG_ANALYZER_NUMBER_OBJECT_CONVERSION = YES_AGGRESSIVE;
				CLANG_CXX_LANGUAGE_STANDARD = "gnu++20";
				CLANG_ENABLE_MODULES = YES;
				CLANG_ENABLE_OBJC_ARC = YES;
				CLANG_ENABLE_OBJC_WEAK = YES;
				CLANG_WARN_BLOCK_CAPTURE_AUTORELEASING = YES;
				CLANG_WARN_BOOL_CONVERSION = YES;
				CLANG_WARN_COMMA = YES;
				CLANG_WARN_CONSTANT_CONVERSION = YES;
				CLANG_WARN_DEPRECATED_OBJC_IMPLEMENTATIONS = YES;
				CLANG_WARN_DIRECT_OBJC_ISA_USAGE = YES_ERROR;
				CLANG_WARN_DOCUMENTATION_COMMENTS = YES;
				CLANG_WARN_EMPTY_BODY = YES;
				CLANG_WARN_ENUM_CONVERSION = YES;
				CLANG_WARN_INFINITE_RECURSION = YES;
				CLANG_WARN_INT_CONVERSION = YES;
				CLANG_WARN_NON_LITERAL_NULL_CONVERSION = YES;
				CLANG_WARN_OBJC_IMPLICIT_RETAIN_SELF = YES;
				CLANG_WARN_OBJC_LITERAL_CONVERSION = YES;
				CLANG_WARN_OBJC_ROOT_CLASS = YES_ERROR;
				CLANG_WARN_QUOTED_INCLUDE_IN_FRAMEWORK_HEADER = YES;
				CLANG_WARN_RANGE_LOOP_ANALYSIS = YES;
				CLANG_WARN_STRICT_PROTOTYPES = YES;
				CLANG_WARN_SUSPICIOUS_MOVE = YES;
				CLANG_WARN_UNGUARDED_AVAILABILITY = YES_AGGRESSIVE;
				CLANG_WARN_UNREACHABLE_CODE = YES;
				CLANG_WARN__DUPLICATE_METHOD_MATCH = YES;
				COPY_PHASE_STRIP = NO;
				DEBUG_INFORMATION_FORMAT = dwarf;
				ENABLE_STRICT_OBJC_MSGSEND = YES;
				ENABLE_TESTABILITY = YES;
				ENABLE_USER_SCRIPT_SANDBOXING = YES;
				GCC_C_LANGUAGE_STANDARD = gnu17;
				GCC_DYNAMIC_NO_PIC = NO;
				GCC_NO_COMMON_BLOCKS = YES;
				GCC_OPTIMIZATION_LEVEL = 0;
				GCC_PREPROCESSOR_DEFINITIONS = (
					"DEBUG=1",
					"$(inherited)",
				);
				GCC_WARN_64_TO_32_BIT_CONVERSION = YES;
				GCC_WARN_ABOUT_RETURN_TYPE = YES_ERROR;
				GCC_WARN_UNDECLARED_SELECTOR = YES;
				GCC_WARN_UNINITIALIZED_AUTOS = YES_AGGRESSIVE;
				GCC_WARN_UNUSED_FUNCTION = YES;
				GCC_WARN_UNUSED_VARIABLE = YES;
				IPHONEOS_DEPLOYMENT_TARGET = 17.2;
				LOCALIZATION_PREFERS_STRING_CATALOGS = YES;
				MTL_ENABLE_DEBUG_INFO = INCLUDE_SOURCE;
				MTL_FAST_MATH = YES;
				ONLY_ACTIVE_ARCH = YES;
				SDKROOT = iphoneos;
				SWIFT_ACTIVE_COMPILATION_CONDITIONS = "DEBUG $(inherited)";
				SWIFT_OPTIMIZATION_LEVEL = "-Onone";
			};
			name = Debug;
		};
		35DC74BA2BA2C7BE00E644DF /* Release */ = {
			isa = XCBuildConfiguration;
			buildSettings = {
				ALWAYS_SEARCH_USER_PATHS = NO;
				ASSETCATALOG_COMPILER_GENERATE_SWIFT_ASSET_SYMBOL_EXTENSIONS = YES;
				CLANG_ANALYZER_NONNULL = YES;
				CLANG_ANALYZER_NUMBER_OBJECT_CONVERSION = YES_AGGRESSIVE;
				CLANG_CXX_LANGUAGE_STANDARD = "gnu++20";
				CLANG_ENABLE_MODULES = YES;
				CLANG_ENABLE_OBJC_ARC = YES;
				CLANG_ENABLE_OBJC_WEAK = YES;
				CLANG_WARN_BLOCK_CAPTURE_AUTORELEASING = YES;
				CLANG_WARN_BOOL_CONVERSION = YES;
				CLANG_WARN_COMMA = YES;
				CLANG_WARN_CONSTANT_CONVERSION = YES;
				CLANG_WARN_DEPRECATED_OBJC_IMPLEMENTATIONS = YES;
				CLANG_WARN_DIRECT_OBJC_ISA_USAGE = YES_ERROR;
				CLANG_WARN_DOCUMENTATION_COMMENTS = YES;
				CLANG_WARN_EMPTY_BODY = YES;
				CLANG_WARN_ENUM_CONVERSION = YES;
				CLANG_WARN_INFINITE_RECURSION = YES;
				CLANG_WARN_INT_CONVERSION = YES;
				CLANG_WARN_NON_LITERAL_NULL_CONVERSION = YES;
				CLANG_WARN_OBJC_IMPLICIT_RETAIN_SELF = YES;
				CLANG_WARN_OBJC_LITERAL_CONVERSION = YES;
				CLANG_WARN_OBJC_ROOT_CLASS = YES_ERROR;
				CLANG_WARN_QUOTED_INCLUDE_IN_FRAMEWORK_HEADER = YES;
				CLANG_WARN_RANGE_LOOP_ANALYSIS = YES;
				CLANG_WARN_STRICT_PROTOTYPES = YES;
				CLANG_WARN_SUSPICIOUS_MOVE = YES;
				CLANG_WARN_UNGUARDED_AVAILABILITY = YES_AGGRESSIVE;
				CLANG_WARN_UNREACHABLE_CODE = YES;
				CLANG_WARN__DUPLICATE_METHOD_MATCH = YES;
				COPY_PHASE_STRIP = NO;
				DEBUG_INFORMATION_FORMAT = "dwarf-with-dsym";
				ENABLE_NS_ASSERTIONS = NO;
				ENABLE_STRICT_OBJC_MSGSEND = YES;
				ENABLE_USER_SCRIPT_SANDBOXING = YES;
				GCC_C_LANGUAGE_STANDARD = gnu17;
				GCC_NO_COMMON_BLOCKS = YES;
				GCC_WARN_64_TO_32_BIT_CONVERSION = YES;
				GCC_WARN_ABOUT_RETURN_TYPE = YES_ERROR;
				GCC_WARN_UNDECLARED_SELECTOR = YES;
				GCC_WARN_UNINITIALIZED_AUTOS = YES_AGGRESSIVE;
				GCC_WARN_UNUSED_FUNCTION = YES;
				GCC_WARN_UNUSED_VARIABLE = YES;
				IPHONEOS_DEPLOYMENT_TARGET = 17.2;
				LOCALIZATION_PREFERS_STRING_CATALOGS = YES;
				MTL_ENABLE_DEBUG_INFO = NO;
				MTL_FAST_MATH = YES;
				SDKROOT = iphoneos;
				SWIFT_COMPILATION_MODE = wholemodule;
				VALIDATE_PRODUCT = YES;
			};
			name = Release;
		};
		35DC74BC2BA2C7BE00E644DF /* Debug */ = {
			isa = XCBuildConfiguration;
			buildSettings = {
				ASSETCATALOG_COMPILER_APPICON_NAME = AppIcon;
				ASSETCATALOG_COMPILER_GLOBAL_ACCENT_COLOR_NAME = AccentColor;
				CODE_SIGN_STYLE = Automatic;
				CURRENT_PROJECT_VERSION = 1;
				DEVELOPMENT_TEAM = RP5XZC93SV;
				GENERATE_INFOPLIST_FILE = YES;
				INFOPLIST_FILE = CryptoTrack/Info.plist;
				INFOPLIST_KEY_UIApplicationSupportsIndirectInputEvents = YES;
				INFOPLIST_KEY_UILaunchStoryboardName = LaunchScreen;
				INFOPLIST_KEY_UIMainStoryboardFile = Main;
				INFOPLIST_KEY_UISupportedInterfaceOrientations_iPad = "UIInterfaceOrientationPortrait UIInterfaceOrientationPortraitUpsideDown UIInterfaceOrientationLandscapeLeft UIInterfaceOrientationLandscapeRight";
				INFOPLIST_KEY_UISupportedInterfaceOrientations_iPhone = "UIInterfaceOrientationPortrait UIInterfaceOrientationLandscapeLeft UIInterfaceOrientationLandscapeRight";
				LD_RUNPATH_SEARCH_PATHS = (
					"$(inherited)",
					"@executable_path/Frameworks",
				);
				MARKETING_VERSION = 1.0;
				PRODUCT_BUNDLE_IDENTIFIER = malicelebi.CryptoTrack;
				PRODUCT_NAME = "$(TARGET_NAME)";
				SWIFT_EMIT_LOC_STRINGS = YES;
				SWIFT_VERSION = 5.0;
				TARGETED_DEVICE_FAMILY = "1,2";
			};
			name = Debug;
		};
		35DC74BD2BA2C7BE00E644DF /* Release */ = {
			isa = XCBuildConfiguration;
			buildSettings = {
				ASSETCATALOG_COMPILER_APPICON_NAME = AppIcon;
				ASSETCATALOG_COMPILER_GLOBAL_ACCENT_COLOR_NAME = AccentColor;
				CODE_SIGN_STYLE = Automatic;
				CURRENT_PROJECT_VERSION = 1;
				DEVELOPMENT_TEAM = RP5XZC93SV;
				GENERATE_INFOPLIST_FILE = YES;
				INFOPLIST_FILE = CryptoTrack/Info.plist;
				INFOPLIST_KEY_UIApplicationSupportsIndirectInputEvents = YES;
				INFOPLIST_KEY_UILaunchStoryboardName = LaunchScreen;
				INFOPLIST_KEY_UIMainStoryboardFile = Main;
				INFOPLIST_KEY_UISupportedInterfaceOrientations_iPad = "UIInterfaceOrientationPortrait UIInterfaceOrientationPortraitUpsideDown UIInterfaceOrientationLandscapeLeft UIInterfaceOrientationLandscapeRight";
				INFOPLIST_KEY_UISupportedInterfaceOrientations_iPhone = "UIInterfaceOrientationPortrait UIInterfaceOrientationLandscapeLeft UIInterfaceOrientationLandscapeRight";
				LD_RUNPATH_SEARCH_PATHS = (
					"$(inherited)",
					"@executable_path/Frameworks",
				);
				MARKETING_VERSION = 1.0;
				PRODUCT_BUNDLE_IDENTIFIER = malicelebi.CryptoTrack;
				PRODUCT_NAME = "$(TARGET_NAME)";
				SWIFT_EMIT_LOC_STRINGS = YES;
				SWIFT_VERSION = 5.0;
				TARGETED_DEVICE_FAMILY = "1,2";
			};
			name = Release;
		};
/* End XCBuildConfiguration section */

/* Begin XCConfigurationList section */
		35DC74A22BA2C7BD00E644DF /* Build configuration list for PBXProject "CryptoTrack" */ = {
			isa = XCConfigurationList;
			buildConfigurations = (
				35DC74B92BA2C7BE00E644DF /* Debug */,
				35DC74BA2BA2C7BE00E644DF /* Release */,
			);
			defaultConfigurationIsVisible = 0;
			defaultConfigurationName = Release;
		};
		35DC74BB2BA2C7BE00E644DF /* Build configuration list for PBXNativeTarget "CryptoTrack" */ = {
			isa = XCConfigurationList;
			buildConfigurations = (
				35DC74BC2BA2C7BE00E644DF /* Debug */,
				35DC74BD2BA2C7BE00E644DF /* Release */,
			);
			defaultConfigurationIsVisible = 0;
			defaultConfigurationName = Release;
		};
/* End XCConfigurationList section */
	};
	rootObject = 35DC749F2BA2C7BD00E644DF /* Project object */;
}
